
Microsoft Visual Studio Solution File, Format Version 12.00
# Visual Studio 15
VisualStudioVersion = 15.0.28307.136
MinimumVisualStudioVersion = 10.0.40219.1
Project("{FAE04EC0-301F-11D3-BF4B-00C04F79EFBC}") = "Browser-Lock", "Browser-Lock\Browser-Lock.csproj", "{B0CE9428-8CEF-4F73-A3AB-1D4361C45DAE}"
EndProject
Global
	GlobalSection(SolutionConfigurationPlatforms) = preSolution
		Debug|Any CPU = Debug|Any CPU
		Release|Any CPU = Release|Any CPU
	EndGlobalSection
	GlobalSection(ProjectConfigurationPlatforms) = postSolution
		{B0CE9428-8CEF-4F73-A3AB-1D4361C45DAE}.Debug|Any CPU.ActiveCfg = Debug|Any CPU
		{B0CE9428-8CEF-4F73-A3AB-1D4361C45DAE}.Debug|Any CPU.Build.0 = Debug|Any CPU
		{B0CE9428-8CEF-4F73-A3AB-1D4361C45DAE}.Release|Any CPU.ActiveCfg = Release|Any CPU
		{B0CE9428-8CEF-4F73-A3AB-1D4361C45DAE}.Release|Any CPU.Build.0 = Release|Any CPU
	EndGlobalSection
	GlobalSection(SolutionProperties) = preSolution
		HideSolutionNode = FALSE
	EndGlobalSection
	GlobalSection(ExtensibilityGlobals) = postSolution
		VisualSVNWorkingCopyRoot = .
		SolutionGuid = {41B74558-7A2A-422B-87D5-17CA276A9F7B}
	EndGlobalSection
EndGlobal
